<?xml version="1.0" encoding="utf-8"?>
<Project ToolsVersion="4.0" xmlns="http://schemas.microsoft.com/developer/msbuild/2003">
  <ItemGroup>
    <Filter Include="Source Files">
      <UniqueIdentifier>{4FC737F1-C7A5-4376-A066-2A32D752A2FF}</UniqueIdentifier>
      <Extensions>cpp;c;cc;cxx;def;odl;idl;hpj;bat;asm;asmx</Extensions>
    </Filter>
    <Filter Include="Header Files">
      <UniqueIdentifier>{93995380-89BD-4b04-88EB-625FBE52EBFB}</UniqueIdentifier>
      <Extensions>h;hpp;hxx;hm;inl;inc;xsd</Extensions>
    </Filter>
    <Filter Include="Resource Files">
      <UniqueIdentifier>{67DA6AB6-F800-4c08-8B7A-83BB121AAD01}</UniqueIdentifier>
      <Extensions>rc;ico;cur;bmp;dlg;rc2;rct;bin;rgs;gif;jpg;jpeg;jpe;resx;tiff;tif;png;wav;mfcribbon-ms</Extensions>
    </Filter>
    <Filter Include="Header Files\Physics">
      <UniqueIdentifier>{cbdec657-7229-4f54-8e05-6e506e78e711}</UniqueIdentifier>
    </Filter>
    <Filter Include="Source Files\Physics">
      <UniqueIdentifier>{d1fbe2ac-dad6-42ad-bf12-397ef355ddf8}</UniqueIdentifier>
    </Filter>
    <Filter Include="Source Files\Rendering">
      <UniqueIdentifier>{82f937df-fe36-4083-b7d7-e4f6798232ba}</UniqueIdentifier>
    </Filter>
    <Filter Include="Header Files\Rendering">
      <UniqueIdentifier>{7154bdad-b80b-4e38-831f-6501cb010799}</UniqueIdentifier>
    </Filter>
    <Filter Include="Header Files\Sound">
      <UniqueIdentifier>{d39a5013-39dc-413e-b564-e40f0ac0dd2b}</UniqueIdentifier>
    </Filter>
    <Filter Include="Source Files\Sound">
      <UniqueIdentifier>{730c865e-9e41-4563-bb1e-b68cb5ba86d8}</UniqueIdentifier>
    </Filter>
    <Filter Include="Header Files\Powerups">
      <UniqueIdentifier>{016322d7-15db-49a7-a00b-50ede252ca37}</UniqueIdentifier>
    </Filter>
    <Filter Include="Source Files\Powerups">
      <UniqueIdentifier>{5e641921-1ba8-47bc-8a5f-47ded2a7d588}</UniqueIdentifier>
    </Filter>
    <Filter Include="Header Files\General">
      <UniqueIdentifier>{ff116e43-8501-4730-8903-be6c25af5700}</UniqueIdentifier>
    </Filter>
    <Filter Include="Source Files\General">
      <UniqueIdentifier>{d75b1965-38c1-4c0e-a232-e967fb4cbd2b}</UniqueIdentifier>
    </Filter>
    <Filter Include="Networking">
      <UniqueIdentifier>{e7bf2bab-e26e-4351-8f9b-8b1716dedca6}</UniqueIdentifier>
    </Filter>
  </ItemGroup>
  <ItemGroup>
    <ClCompile Include="CollisionHelper.cpp">
      <Filter>Source Files\Physics</Filter>
    </ClCompile>
    <ClCompile Include="GJK.cpp">
      <Filter>Source Files\Physics</Filter>
    </ClCompile>
    <ClCompile Include="PhysicsNode.cpp">
      <Filter>Source Files\Physics</Filter>
    </ClCompile>
    <ClCompile Include="PhysicsSystem.cpp">
      <Filter>Source Files\Physics</Filter>
    </ClCompile>
    <ClCompile Include="Spring.cpp">
      <Filter>Source Files\Physics</Filter>
    </ClCompile>
    <ClCompile Include="SpringDemo.cpp">
      <Filter>Source Files\Physics</Filter>
    </ClCompile>
    <ClCompile Include="Renderer.cpp">
      <Filter>Source Files\Rendering</Filter>
    </ClCompile>
    <ClCompile Include="TextMesh.cpp">
      <Filter>Source Files\Rendering</Filter>
    </ClCompile>
    <ClCompile Include="Button.cpp">
      <Filter>Source Files\Rendering</Filter>
    </ClCompile>
    <ClCompile Include="Sound.cpp">
      <Filter>Source Files\Sound</Filter>
    </ClCompile>
    <ClCompile Include="SoundEmitter.cpp">
      <Filter>Source Files\Sound</Filter>
    </ClCompile>
    <ClCompile Include="SoundManager.cpp">
      <Filter>Source Files\Sound</Filter>
    </ClCompile>
    <ClCompile Include="SoundSystem.cpp">
      <Filter>Source Files\Sound</Filter>
    </ClCompile>
    <ClCompile Include="FireParticleSystem.cpp">
      <Filter>Source Files\Rendering</Filter>
    </ClCompile>
    <ClCompile Include="SpaceshipSceneNode.cpp">
      <Filter>Source Files\Rendering</Filter>
    </ClCompile>
    <ClCompile Include="Coins.cpp">
      <Filter>Source Files\Powerups</Filter>
    </ClCompile>
    <ClCompile Include="Powerups.cpp">
      <Filter>Source Files\Powerups</Filter>
    </ClCompile>
    <ClCompile Include="Bullets.cpp">
      <Filter>Source Files\General</Filter>
    </ClCompile>
    <ClCompile Include="ChaseCamera.cpp">
      <Filter>Source Files\General</Filter>
    </ClCompile>
    <ClCompile Include="GameClass.cpp">
      <Filter>Source Files\General</Filter>
    </ClCompile>
    <ClCompile Include="GameEntity.cpp">
      <Filter>Source Files\General</Filter>
    </ClCompile>
    <ClCompile Include="GamePadController.cpp">
      <Filter>Source Files\General</Filter>
    </ClCompile>
    <ClCompile Include="Main.cpp">
      <Filter>Source Files\General</Filter>
    </ClCompile>
    <ClCompile Include="MyGame.cpp">
      <Filter>Source Files\General</Filter>
    </ClCompile>
    <ClCompile Include="ObjectType.cpp">
      <Filter>Source Files\General</Filter>
    </ClCompile>
    <ClCompile Include="Obstacle.cpp">
      <Filter>Source Files\General</Filter>
    </ClCompile>
    <ClCompile Include="Vehicle%28old%29.cpp">
      <Filter>Source Files\General</Filter>
    </ClCompile>
    <ClCompile Include="Vehicle.cpp">
      <Filter>Source Files\General</Filter>
    </ClCompile>
    <ClCompile Include="NetworkClient.cpp">
      <Filter>Networking</Filter>
    </ClCompile>
    <ClCompile Include="NetworkServer.cpp">
      <Filter>Networking</Filter>
    </ClCompile>
    <ClCompile Include="NetworkServices.cpp">
      <Filter>Networking</Filter>
    </ClCompile>
  </ItemGroup>
  <ItemGroup>
    <ClInclude Include="CollisionHelper.h">
      <Filter>Header Files\Physics</Filter>
    </ClInclude>
    <ClInclude Include="CollisionVolume.h">
      <Filter>Header Files\Physics</Filter>
    </ClInclude>
    <ClInclude Include="Constraint.h">
      <Filter>Header Files\Physics</Filter>
    </ClInclude>
    <ClInclude Include="GJK.h">
      <Filter>Header Files\Physics</Filter>
    </ClInclude>
    <ClInclude Include="GJKSimplex.h">
      <Filter>Header Files\Physics</Filter>
    </ClInclude>
    <ClInclude Include="InertialMatrixHelper.h">
      <Filter>Header Files\Physics</Filter>
    </ClInclude>
    <ClInclude Include="PhysicsNode.h">
      <Filter>Header Files\Physics</Filter>
    </ClInclude>
    <ClInclude Include="PhysicsSystem.h">
      <Filter>Header Files\Physics</Filter>
    </ClInclude>
    <ClInclude Include="Spring.h">
      <Filter>Header Files\Physics</Filter>
    </ClInclude>
    <ClInclude Include="SpringDemo.h">
      <Filter>Header Files\Physics</Filter>
    </ClInclude>
    <ClInclude Include="NetworkClient.h">
      <Filter>Networking</Filter>
    </ClInclude>
    <ClInclude Include="NetworkCommon.h">
      <Filter>Networking</Filter>
    </ClInclude>
    <ClInclude Include="NetworkServer.h">
      <Filter>Networking</Filter>
    </ClInclude>
    <ClInclude Include="TextMesh.h">
      <Filter>Header Files\Rendering</Filter>
    </ClInclude>
    <ClInclude Include="Renderer.h">
      <Filter>Header Files\Rendering</Filter>
    </ClInclude>
    <ClInclude Include="Button.h">
      <Filter>Header Files\Rendering</Filter>
    </ClInclude>
    <ClInclude Include="SupportPoint.h">
      <Filter>Header Files\Physics</Filter>
    </ClInclude>
    <ClInclude Include="Sound.h">
      <Filter>Header Files\Sound</Filter>
    </ClInclude>
    <ClInclude Include="SoundEmitter.h">
      <Filter>Header Files\Sound</Filter>
    </ClInclude>
    <ClInclude Include="SoundManager.h">
      <Filter>Header Files\Sound</Filter>
    </ClInclude>
    <ClInclude Include="SoundSystem.h">
      <Filter>Header Files\Sound</Filter>
    </ClInclude>
    <ClInclude Include="FireParticleSystem.h">
      <Filter>Header Files\Rendering</Filter>
    </ClInclude>
    <ClInclude Include="SpaceshipSceneNode.h">
      <Filter>Header Files\Rendering</Filter>
    </ClInclude>
    <ClInclude Include="Coins.h">
      <Filter>Header Files\Powerups</Filter>
    </ClInclude>
    <ClInclude Include="Powerups.h">
      <Filter>Header Files\Powerups</Filter>
    </ClInclude>
    <ClInclude Include="Bullets.h">
      <Filter>Header Files\General</Filter>
    </ClInclude>
    <ClInclude Include="ChaseCamera.h">
      <Filter>Header Files\General</Filter>
    </ClInclude>
    <ClInclude Include="DebugDrawer.h">
      <Filter>Header Files\General</Filter>
    </ClInclude>
    <ClInclude Include="GameClass.h">
      <Filter>Header Files\General</Filter>
    </ClInclude>
    <ClInclude Include="GameEntity.h">
      <Filter>Header Files\General</Filter>
    </ClInclude>
    <ClInclude Include="GamePadController.h">
      <Filter>Header Files\General</Filter>
    </ClInclude>
    <ClInclude Include="MyGame.h">
      <Filter>Header Files\General</Filter>
    </ClInclude>
    <ClInclude Include="ObjectType.h">
      <Filter>Header Files\General</Filter>
    </ClInclude>
    <ClInclude Include="Obstacle.h">
      <Filter>Header Files\General</Filter>
    </ClInclude>
    <ClInclude Include="PlaneInfo.h">
      <Filter>Header Files\General</Filter>
    </ClInclude>
    <ClInclude Include="Vehicle%28old%29.h">
      <Filter>Header Files\General</Filter>
    </ClInclude>
    <ClInclude Include="Vehicle.h">
      <Filter>Header Files\General</Filter>
    </ClInclude>
    <ClInclude Include="NetworkData.h">
      <Filter>Networking</Filter>
    </ClInclude>
    <ClInclude Include="NetworkServices.h">
      <Filter>Networking</Filter>
    </ClInclude>
  </ItemGroup>
  <ItemGroup>
    <Library Include="..\..\OpenAL 1.1 SDK\libs\Win32\OpenAL32.lib" />
    <Library Include="..\..\OpenAL 1.1 SDK\libs\Win32\EFX-Util_MT\EFX-Util.lib" />
    <Library Include="..\..\OpenAL 1.1 SDK\libs\Win32\EFX-Util_MTDLL\EFX-Util.lib" />
  </ItemGroup>
</Project>