<?xml version="1.0" encoding="utf-8"?>
<Project ToolsVersion="12.0" xmlns="http://schemas.microsoft.com/developer/msbuild/2003">
  <ItemGroup>
    <ClCompile Include="Camera.cpp">
      <Filter>Source</Filter>
    </ClCompile>
    <ClCompile Include="GCMRenderer.cpp">
      <Filter>Source</Filter>
    </ClCompile>
    <ClCompile Include="Input.cpp">
      <Filter>Source</Filter>
    </ClCompile>
    <ClCompile Include="main.cpp">
      <Filter>Source</Filter>
    </ClCompile>
    <ClCompile Include="Mesh.cpp">
      <Filter>Source</Filter>
    </ClCompile>
    <ClCompile Include="Renderer.cpp">
      <Filter>Source</Filter>
    </ClCompile>
    <ClCompile Include="SceneNode.cpp">
      <Filter>Source</Filter>
    </ClCompile>
    <ClCompile Include="Shader.cpp">
      <Filter>Source</Filter>
    </ClCompile>
    <ClCompile Include="Timer.cpp">
      <Filter>Source</Filter>
    </ClCompile>
    <ClCompile Include="OBJMesh.cpp">
      <Filter>Source</Filter>
    </ClCompile>
    <ClCompile Include="PhysicsNode.cpp">
      <Filter>Source</Filter>
    </ClCompile>
    <ClCompile Include="GameEntity.cpp">
      <Filter>Source</Filter>
    </ClCompile>
    <ClCompile Include="Plane.cpp">
      <Filter>Source</Filter>
    </ClCompile>
    <ClCompile Include="Frustum.cpp">
      <Filter>Source</Filter>
    </ClCompile>
    <ClCompile Include="PhysicsSystem.cpp">
      <Filter>Source</Filter>
    </ClCompile>
    <ClCompile Include="GameClass.cpp">
      <Filter>Source</Filter>
    </ClCompile>
    <ClCompile Include="MyGame.cpp">
      <Filter>Source</Filter>
    </ClCompile>
    <ClCompile Include="GJK.cpp">
      <Filter>Source</Filter>
    </ClCompile>
    <ClCompile Include="ObjectType.cpp">
      <Filter>Source</Filter>
    </ClCompile>
    <ClCompile Include="Obstacle.cpp">
      <Filter>Source</Filter>
    </ClCompile>
    <ClCompile Include="Button.cpp">
      <Filter>Source</Filter>
    </ClCompile>
    <ClCompile Include="ChaseCamera.cpp">
      <Filter>Source</Filter>
    </ClCompile>
    <ClCompile Include="Vehicle.cpp">
      <Filter>Source</Filter>
    </ClCompile>
    <ClCompile Include="SpaceshipSceneNode.cpp">
      <Filter>Source</Filter>
    </ClCompile>
    <ClCompile Include="Wave.cpp">
      <Filter>Source</Filter>
    </ClCompile>
    <ClCompile Include="SoundSystem.cpp">
      <Filter>Source</Filter>
    </ClCompile>
    <ClCompile Include="SoundManager.cpp">
      <Filter>Source</Filter>
    </ClCompile>
  </ItemGroup>
  <ItemGroup>
    <ClInclude Include="Camera.h">
      <Filter>Headers</Filter>
    </ClInclude>
    <ClInclude Include="common.h">
      <Filter>Headers</Filter>
    </ClInclude>
    <ClInclude Include="GCMRenderer.h">
      <Filter>Headers</Filter>
    </ClInclude>
    <ClInclude Include="Mesh.h">
      <Filter>Headers</Filter>
    </ClInclude>
    <ClInclude Include="Renderer.h">
      <Filter>Headers</Filter>
    </ClInclude>
    <ClInclude Include="SceneNode.h">
      <Filter>Headers</Filter>
    </ClInclude>
    <ClInclude Include="Shader.h">
      <Filter>Headers</Filter>
    </ClInclude>
    <ClInclude Include="Timer.h">
      <Filter>Headers</Filter>
    </ClInclude>
    <ClInclude Include="Input.h">
      <Filter>Headers</Filter>
    </ClInclude>
    <ClInclude Include="OBJMesh.h">
      <Filter>Headers</Filter>
    </ClInclude>
    <ClInclude Include="ChildMeshInterface.h">
      <Filter>Headers</Filter>
    </ClInclude>
    <ClInclude Include="GameEntity.h">
      <Filter>Headers</Filter>
    </ClInclude>
    <ClInclude Include="PhysicsNode.h">
      <Filter>Headers</Filter>
    </ClInclude>
    <ClInclude Include="CollisionVolume.h">
      <Filter>Headers</Filter>
    </ClInclude>
    <ClInclude Include="Frustum.h">
      <Filter>Headers</Filter>
    </ClInclude>
    <ClInclude Include="Plane.h">
      <Filter>Headers</Filter>
    </ClInclude>
    <ClInclude Include="PhysicsSystem.h">
      <Filter>Headers</Filter>
    </ClInclude>
    <ClInclude Include="Constraint.h">
      <Filter>Headers</Filter>
    </ClInclude>
    <ClInclude Include="DebugDrawer.h">
      <Filter>Headers</Filter>
    </ClInclude>
    <ClInclude Include="GameClass.h">
      <Filter>Headers</Filter>
    </ClInclude>
    <ClInclude Include="CollisionHelper.h">
      <Filter>Headers</Filter>
    </ClInclude>
    <ClInclude Include="MyGame.h">
      <Filter>Headers</Filter>
    </ClInclude>
    <ClInclude Include="InertialMatrixHelper.h">
      <Filter>Headers</Filter>
    </ClInclude>
    <ClInclude Include="GJK.h">
      <Filter>Headers</Filter>
    </ClInclude>
    <ClInclude Include="SupportPoint.h">
      <Filter>Headers</Filter>
    </ClInclude>
    <ClInclude Include="GJKSimplex.h">
      <Filter>Headers</Filter>
    </ClInclude>
    <ClInclude Include="MathHelper.h">
      <Filter>Headers</Filter>
    </ClInclude>
    <ClInclude Include="ObjectType.h">
      <Filter>Headers</Filter>
    </ClInclude>
    <ClInclude Include="Obstacle.h">
      <Filter>Headers</Filter>
    </ClInclude>
    <ClInclude Include="Button.h">
      <Filter>Headers</Filter>
    </ClInclude>
    <ClInclude Include="Vehicle.h">
      <Filter>Headers</Filter>
    </ClInclude>
    <ClInclude Include="SpaceshipSceneNode.h">
      <Filter>Headers</Filter>
    </ClInclude>
    <ClInclude Include="ChaseCamera.h">
      <Filter>Headers</Filter>
    </ClInclude>
    <ClInclude Include="BezierMath.h">
      <Filter>Headers</Filter>
    </ClInclude>
    <ClInclude Include="Wave.h">
      <Filter>Headers</Filter>
    </ClInclude>
    <ClInclude Include="SoundSystem.h">
      <Filter>Headers</Filter>
    </ClInclude>
    <ClInclude Include="SoundManager.h">
      <Filter>Headers</Filter>
    </ClInclude>
  </ItemGroup>
  <ItemGroup>
    <Filter Include="Headers">
      <UniqueIdentifier>{47f44ff6-594e-4467-8564-6778f3fe38e4}</UniqueIdentifier>
    </Filter>
    <Filter Include="Source">
      <UniqueIdentifier>{e5c6264e-038b-4043-b45d-b5d14458fb22}</UniqueIdentifier>
    </Filter>
    <Filter Include="Shaders">
      <UniqueIdentifier>{8a95770d-2f25-4851-a11b-33599d7b2506}</UniqueIdentifier>
    </Filter>
  </ItemGroup>
  <ItemGroup>
    <CustomBuild Include="vertex.cg">
      <Filter>Shaders</Filter>
    </CustomBuild>
    <CustomBuild Include="fragment.cg">
      <Filter>Shaders</Filter>
    </CustomBuild>
  </ItemGroup>
</Project>